
Microsoft Visual Studio Solution File, Format Version 12.00
# Visual Studio Version 17
VisualStudioVersion = 17.2.32526.322
MinimumVisualStudioVersion = 10.0.40219.1
Project("{FAE04EC0-301F-11D3-BF4B-00C04F79EFBC}") = "Producer", "Producer\Producer.csproj", "{AAB06FC9-5F6D-4489-9A7F-C42F66981D05}"
EndProject
Project("{FAE04EC0-301F-11D3-BF4B-00C04F79EFBC}") = "Consumer", "Consumer\Consumer.csproj", "{D401CBE2-C76E-4453-8771-5A85CAAC747E}"
EndProject
Global
	GlobalSection(SolutionConfigurationPlatforms) = preSolution
		Debug|Any CPU = Debug|Any CPU
		Release|Any CPU = Release|Any CPU
	EndGlobalSection
	GlobalSection(ProjectConfigurationPlatforms) = postSolution
		{AAB06FC9-5F6D-4489-9A7F-C42F66981D05}.Debug|Any CPU.ActiveCfg = Debug|Any CPU
		{AAB06FC9-5F6D-4489-9A7F-C42F66981D05}.Debug|Any CPU.Build.0 = Debug|Any CPU
		{AAB06FC9-5F6D-4489-9A7F-C42F66981D05}.Release|Any CPU.ActiveCfg = Release|Any CPU
		{AAB06FC9-5F6D-4489-9A7F-C42F66981D05}.Release|Any CPU.Build.0 = Release|Any CPU
		{D401CBE2-C76E-4453-8771-5A85CAAC747E}.Debug|Any CPU.ActiveCfg = Debug|Any CPU
		{D401CBE2-C76E-4453-8771-5A85CAAC747E}.Debug|Any CPU.Build.0 = Debug|Any CPU
		{D401CBE2-C76E-4453-8771-5A85CAAC747E}.Release|Any CPU.ActiveCfg = Release|Any CPU
		{D401CBE2-C76E-4453-8771-5A85CAAC747E}.Release|Any CPU.Build.0 = Release|Any CPU
	EndGlobalSection
	GlobalSection(SolutionProperties) = preSolution
		HideSolutionNode = FALSE
	EndGlobalSection
	GlobalSection(ExtensibilityGlobals) = postSolution
		SolutionGuid = {DB825864-6AB7-4AC7-9B01-33F27D33C876}
	EndGlobalSection
EndGlobal
